// !$*UTF8*$!
{
	archiveVersion = 1;
	classes = {
	};
	objectVersion = 50;
	objects = {

/* Begin PBXBuildFile section */
		3586A6D53D042A9652DA3B4E /* Pods_smartCity.framework in Frameworks */ = {isa = PBXBuildFile; fileRef = ED3FF6349379AD13DE15B61C /* Pods_smartCity.framework */; };
		3961417620D01C0C00679841 /* AddSensorViewController.swift in Sources */ = {isa = PBXBuildFile; fileRef = 3961417520D01C0C00679841 /* AddSensorViewController.swift */; };
		397BFAC520F8BD78008466FE /* PassivSensorTableViewController.swift in Sources */ = {isa = PBXBuildFile; fileRef = 397BFAC420F8BD78008466FE /* PassivSensorTableViewController.swift */; };
		397BFAC720F8C529008466FE /* wifi.png in Resources */ = {isa = PBXBuildFile; fileRef = 397BFAC620F8C528008466FE /* wifi.png */; };
		397BFACB20FF2D1A008466FE /* Data.swift in Sources */ = {isa = PBXBuildFile; fileRef = 397BFACA20FF2D1A008466FE /* Data.swift */; };
		397BFACD20FF48B7008466FE /* GenericModel.swift in Sources */ = {isa = PBXBuildFile; fileRef = 397BFACC20FF48B7008466FE /* GenericModel.swift */; };
		397BFAD120FF65DF008466FE /* DataTableViewCell.swift in Sources */ = {isa = PBXBuildFile; fileRef = 397BFACF20FF65DF008466FE /* DataTableViewCell.swift */; };
		397BFAD220FF65DF008466FE /* DataTableViewCell.xib in Resources */ = {isa = PBXBuildFile; fileRef = 397BFAD020FF65DF008466FE /* DataTableViewCell.xib */; };
		39A23FFA20AC52C700B943DB /* AppDelegate.swift in Sources */ = {isa = PBXBuildFile; fileRef = 39A23FF920AC52C700B943DB /* AppDelegate.swift */; };
		39A23FFC20AC52C700B943DB /* ViewController.swift in Sources */ = {isa = PBXBuildFile; fileRef = 39A23FFB20AC52C700B943DB /* ViewController.swift */; };
		39A23FFF20AC52C700B943DB /* Main.storyboard in Resources */ = {isa = PBXBuildFile; fileRef = 39A23FFD20AC52C700B943DB /* Main.storyboard */; };
		39A2400120AC52C800B943DB /* Assets.xcassets in Resources */ = {isa = PBXBuildFile; fileRef = 39A2400020AC52C800B943DB /* Assets.xcassets */; };
		39A2400D20AC531E00B943DB /* SensorDataModel.swift in Sources */ = {isa = PBXBuildFile; fileRef = 39A2400C20AC531E00B943DB /* SensorDataModel.swift */; };
		39A2401520B41A2600B943DB /* GoogleService-Info.plist in Resources */ = {isa = PBXBuildFile; fileRef = 39A2401420B41A2500B943DB /* GoogleService-Info.plist */; };
		39D9C65520BC53DB00921DB4 /* RoundedButton.swift in Sources */ = {isa = PBXBuildFile; fileRef = 39D9C65420BC53DB00921DB4 /* RoundedButton.swift */; };
		39D9C65920BC62C900921DB4 /* LoginViewController.swift in Sources */ = {isa = PBXBuildFile; fileRef = 39D9C65820BC62C900921DB4 /* LoginViewController.swift */; };
		39D9C65B20BC630A00921DB4 /* RegisterViewController.swift in Sources */ = {isa = PBXBuildFile; fileRef = 39D9C65A20BC630A00921DB4 /* RegisterViewController.swift */; };
		39D9C65D20BD55B800921DB4 /* SensorListTableViewController.swift in Sources */ = {isa = PBXBuildFile; fileRef = 39D9C65C20BD55B800921DB4 /* SensorListTableViewController.swift */; };
		39D9C65F20BD8CBD00921DB4 /* SensorDataViewController.swift in Sources */ = {isa = PBXBuildFile; fileRef = 39D9C65E20BD8CBD00921DB4 /* SensorDataViewController.swift */; };
		39D9C66520BEA4D200921DB4 /* CustomSensorCell.swift in Sources */ = {isa = PBXBuildFile; fileRef = 39D9C66320BEA4D200921DB4 /* CustomSensorCell.swift */; };
		39D9C66620BEA4D200921DB4 /* CustomSensorCell.xib in Resources */ = {isa = PBXBuildFile; fileRef = 39D9C66420BEA4D200921DB4 /* CustomSensorCell.xib */; };
		39E7100D21393DC100AD3FDD /* PassiveDataTableViewController.swift in Sources */ = {isa = PBXBuildFile; fileRef = 39E7100C21393DC100AD3FDD /* PassiveDataTableViewController.swift */; };
/* End PBXBuildFile section */

/* Begin PBXFileReference section */
		1AB655A9AF2BF88F6D077B17 /* Pods-smartCity.release.xcconfig */ = {isa = PBXFileReference; includeInIndex = 1; lastKnownFileType = text.xcconfig; name = "Pods-smartCity.release.xcconfig"; path = "Pods/Target Support Files/Pods-smartCity/Pods-smartCity.release.xcconfig"; sourceTree = "<group>"; };
		3961417520D01C0C00679841 /* AddSensorViewController.swift */ = {isa = PBXFileReference; lastKnownFileType = sourcecode.swift; path = AddSensorViewController.swift; sourceTree = "<group>"; };
		397BFAC420F8BD78008466FE /* PassivSensorTableViewController.swift */ = {isa = PBXFileReference; lastKnownFileType = sourcecode.swift; path = PassivSensorTableViewController.swift; sourceTree = "<group>"; };
		397BFAC620F8C528008466FE /* wifi.png */ = {isa = PBXFileReference; lastKnownFileType = image.png; path = wifi.png; sourceTree = "<group>"; };
		397BFACA20FF2D1A008466FE /* Data.swift */ = {isa = PBXFileReference; lastKnownFileType = sourcecode.swift; path = Data.swift; sourceTree = "<group>"; };
		397BFACC20FF48B7008466FE /* GenericModel.swift */ = {isa = PBXFileReference; lastKnownFileType = sourcecode.swift; path = GenericModel.swift; sourceTree = "<group>"; };
		397BFACF20FF65DF008466FE /* DataTableViewCell.swift */ = {isa = PBXFileReference; lastKnownFileType = sourcecode.swift; path = DataTableViewCell.swift; sourceTree = "<group>"; };
		397BFAD020FF65DF008466FE /* DataTableViewCell.xib */ = {isa = PBXFileReference; lastKnownFileType = file.xib; path = DataTableViewCell.xib; sourceTree = "<group>"; };
		39A23FF620AC52C700B943DB /* smartCity.app */ = {isa = PBXFileReference; explicitFileType = wrapper.application; includeInIndex = 0; path = smartCity.app; sourceTree = BUILT_PRODUCTS_DIR; };
		39A23FF920AC52C700B943DB /* AppDelegate.swift */ = {isa = PBXFileReference; lastKnownFileType = sourcecode.swift; path = AppDelegate.swift; sourceTree = "<group>"; };
		39A23FFB20AC52C700B943DB /* ViewController.swift */ = {isa = PBXFileReference; lastKnownFileType = sourcecode.swift; path = ViewController.swift; sourceTree = "<group>"; };
		39A23FFE20AC52C700B943DB /* Base */ = {isa = PBXFileReference; lastKnownFileType = file.storyboard; name = Base; path = Base.lproj/Main.storyboard; sourceTree = "<group>"; };
		39A2400020AC52C800B943DB /* Assets.xcassets */ = {isa = PBXFileReference; lastKnownFileType = folder.assetcatalog; path = Assets.xcassets; sourceTree = "<group>"; };
		39A2400520AC52C800B943DB /* Info.plist */ = {isa = PBXFileReference; lastKnownFileType = text.plist.xml; path = Info.plist; sourceTree = "<group>"; };
		39A2400C20AC531E00B943DB /* SensorDataModel.swift */ = {isa = PBXFileReference; lastKnownFileType = sourcecode.swift; path = SensorDataModel.swift; sourceTree = "<group>"; };
		39A2401420B41A2500B943DB /* GoogleService-Info.plist */ = {isa = PBXFileReference; fileEncoding = 4; lastKnownFileType = text.plist.xml; path = "GoogleService-Info.plist"; sourceTree = "<group>"; };
		39D9C65420BC53DB00921DB4 /* RoundedButton.swift */ = {isa = PBXFileReference; lastKnownFileType = sourcecode.swift; path = RoundedButton.swift; sourceTree = "<group>"; };
		39D9C65820BC62C900921DB4 /* LoginViewController.swift */ = {isa = PBXFileReference; lastKnownFileType = sourcecode.swift; path = LoginViewController.swift; sourceTree = "<group>"; };
		39D9C65A20BC630A00921DB4 /* RegisterViewController.swift */ = {isa = PBXFileReference; lastKnownFileType = sourcecode.swift; path = RegisterViewController.swift; sourceTree = "<group>"; };
		39D9C65C20BD55B800921DB4 /* SensorListTableViewController.swift */ = {isa = PBXFileReference; lastKnownFileType = sourcecode.swift; path = SensorListTableViewController.swift; sourceTree = "<group>"; };
		39D9C65E20BD8CBD00921DB4 /* SensorDataViewController.swift */ = {isa = PBXFileReference; lastKnownFileType = sourcecode.swift; path = SensorDataViewController.swift; sourceTree = "<group>"; };
		39D9C66320BEA4D200921DB4 /* CustomSensorCell.swift */ = {isa = PBXFileReference; lastKnownFileType = sourcecode.swift; path = CustomSensorCell.swift; sourceTree = "<group>"; };
		39D9C66420BEA4D200921DB4 /* CustomSensorCell.xib */ = {isa = PBXFileReference; lastKnownFileType = file.xib; path = CustomSensorCell.xib; sourceTree = "<group>"; };
		39E7100C21393DC100AD3FDD /* PassiveDataTableViewController.swift */ = {isa = PBXFileReference; lastKnownFileType = sourcecode.swift; path = PassiveDataTableViewController.swift; sourceTree = "<group>"; };
		94F89095714C8743D45B634A /* Pods-smartCity.debug.xcconfig */ = {isa = PBXFileReference; includeInIndex = 1; lastKnownFileType = text.xcconfig; name = "Pods-smartCity.debug.xcconfig"; path = "Pods/Target Support Files/Pods-smartCity/Pods-smartCity.debug.xcconfig"; sourceTree = "<group>"; };
		ED3FF6349379AD13DE15B61C /* Pods_smartCity.framework */ = {isa = PBXFileReference; explicitFileType = wrapper.framework; includeInIndex = 0; path = Pods_smartCity.framework; sourceTree = BUILT_PRODUCTS_DIR; };
/* End PBXFileReference section */

/* Begin PBXFrameworksBuildPhase section */
		39A23FF320AC52C700B943DB /* Frameworks */ = {
			isa = PBXFrameworksBuildPhase;
			buildActionMask = 2147483647;
			files = (
				3586A6D53D042A9652DA3B4E /* Pods_smartCity.framework in Frameworks */,
			);
			runOnlyForDeploymentPostprocessing = 0;
		};
/* End PBXFrameworksBuildPhase section */

/* Begin PBXGroup section */
		37154D14945C37D378F115A0 /* Pods */ = {
			isa = PBXGroup;
			children = (
				94F89095714C8743D45B634A /* Pods-smartCity.debug.xcconfig */,
				1AB655A9AF2BF88F6D077B17 /* Pods-smartCity.release.xcconfig */,
			);
			name = Pods;
			sourceTree = "<group>";
		};
		397BFACE20FF65A2008466FE /* Data Cell */ = {
			isa = PBXGroup;
			children = (
				397BFACF20FF65DF008466FE /* DataTableViewCell.swift */,
				397BFAD020FF65DF008466FE /* DataTableViewCell.xib */,
			);
			path = "Data Cell";
			sourceTree = "<group>";
		};
		39A23FED20AC52C700B943DB = {
			isa = PBXGroup;
			children = (
				39A23FF820AC52C700B943DB /* smartCity */,
				39A23FF720AC52C700B943DB /* Products */,
				37154D14945C37D378F115A0 /* Pods */,
				6C4657FEACA76712E206A84D /* Frameworks */,
			);
			sourceTree = "<group>";
		};
		39A23FF720AC52C700B943DB /* Products */ = {
			isa = PBXGroup;
			children = (
				39A23FF620AC52C700B943DB /* smartCity.app */,
			);
			name = Products;
			sourceTree = "<group>";
		};
		39A23FF820AC52C700B943DB /* smartCity */ = {
			isa = PBXGroup;
			children = (
				39D9C65420BC53DB00921DB4 /* RoundedButton.swift */,
				39A23FF920AC52C700B943DB /* AppDelegate.swift */,
				39A2400B20AC52DF00B943DB /* Data Model */,
				39A2400F20AC534A00B943DB /* Controller */,
				39A2400E20AC532E00B943DB /* View */,
				39A2400020AC52C800B943DB /* Assets.xcassets */,
				397BFAC620F8C528008466FE /* wifi.png */,
				39A2401420B41A2500B943DB /* GoogleService-Info.plist */,
				39A2400520AC52C800B943DB /* Info.plist */,
			);
			path = smartCity;
			sourceTree = "<group>";
		};
		39A2400B20AC52DF00B943DB /* Data Model */ = {
			isa = PBXGroup;
			children = (
				397BFACC20FF48B7008466FE /* GenericModel.swift */,
				39A2400C20AC531E00B943DB /* SensorDataModel.swift */,
				397BFACA20FF2D1A008466FE /* Data.swift */,
			);
			path = "Data Model";
			sourceTree = "<group>";
		};
		39A2400E20AC532E00B943DB /* View */ = {
			isa = PBXGroup;
			children = (
				397BFACE20FF65A2008466FE /* Data Cell */,
				39D9C66020BEA40900921DB4 /* Sensor Cell */,
				39A23FFD20AC52C700B943DB /* Main.storyboard */,
			);
			path = View;
			sourceTree = "<group>";
		};
		39A2400F20AC534A00B943DB /* Controller */ = {
			isa = PBXGroup;
			children = (
				39A23FFB20AC52C700B943DB /* ViewController.swift */,
				39D9C65820BC62C900921DB4 /* LoginViewController.swift */,
				39D9C65A20BC630A00921DB4 /* RegisterViewController.swift */,
				39D9C65C20BD55B800921DB4 /* SensorListTableViewController.swift */,
				39D9C65E20BD8CBD00921DB4 /* SensorDataViewController.swift */,
				397BFAC420F8BD78008466FE /* PassivSensorTableViewController.swift */,
				3961417520D01C0C00679841 /* AddSensorViewController.swift */,
				39E7100C21393DC100AD3FDD /* PassiveDataTableViewController.swift */,
			);
			path = Controller;
			sourceTree = "<group>";
		};
		39D9C66020BEA40900921DB4 /* Sensor Cell */ = {
			isa = PBXGroup;
			children = (
				39D9C66320BEA4D200921DB4 /* CustomSensorCell.swift */,
				39D9C66420BEA4D200921DB4 /* CustomSensorCell.xib */,
			);
			path = "Sensor Cell";
			sourceTree = "<group>";
		};
		6C4657FEACA76712E206A84D /* Frameworks */ = {
			isa = PBXGroup;
			children = (
				ED3FF6349379AD13DE15B61C /* Pods_smartCity.framework */,
			);
			name = Frameworks;
			sourceTree = "<group>";
		};
/* End PBXGroup section */

/* Begin PBXNativeTarget section */
		39A23FF520AC52C700B943DB /* smartCity */ = {
			isa = PBXNativeTarget;
			buildConfigurationList = 39A2400820AC52C800B943DB /* Build configuration list for PBXNativeTarget "smartCity" */;
			buildPhases = (
				20FAFE91993B174DAB0C83BC /* [CP] Check Pods Manifest.lock */,
				39A23FF220AC52C700B943DB /* Sources */,
				39A23FF320AC52C700B943DB /* Frameworks */,
				39A23FF420AC52C700B943DB /* Resources */,
				6F644A6F84E7AB8A36D3F8AC /* [CP] Embed Pods Frameworks */,
			);
			buildRules = (
			);
			dependencies = (
			);
			name = smartCity;
			productName = smartCity;
			productReference = 39A23FF620AC52C700B943DB /* smartCity.app */;
			productType = "com.apple.product-type.application";
		};
/* End PBXNativeTarget section */

/* Begin PBXProject section */
		39A23FEE20AC52C700B943DB /* Project object */ = {
			isa = PBXProject;
			attributes = {
				LastSwiftUpdateCheck = 0930;
				LastUpgradeCheck = 0930;
				ORGANIZATIONNAME = vahid;
				TargetAttributes = {
					39A23FF520AC52C700B943DB = {
						CreatedOnToolsVersion = 9.3.1;
					};
				};
			};
			buildConfigurationList = 39A23FF120AC52C700B943DB /* Build configuration list for PBXProject "smartCity" */;
			compatibilityVersion = "Xcode 9.3";
			developmentRegion = en;
			hasScannedForEncodings = 0;
			knownRegions = (
				en,
				Base,
			);
			mainGroup = 39A23FED20AC52C700B943DB;
			productRefGroup = 39A23FF720AC52C700B943DB /* Products */;
			projectDirPath = "";
			projectRoot = "";
			targets = (
				39A23FF520AC52C700B943DB /* smartCity */,
			);
		};
/* End PBXProject section */

/* Begin PBXResourcesBuildPhase section */
		39A23FF420AC52C700B943DB /* Resources */ = {
			isa = PBXResourcesBuildPhase;
			buildActionMask = 2147483647;
			files = (
				39A2401520B41A2600B943DB /* GoogleService-Info.plist in Resources */,
				397BFAD220FF65DF008466FE /* DataTableViewCell.xib in Resources */,
				397BFAC720F8C529008466FE /* wifi.png in Resources */,
				39A2400120AC52C800B943DB /* Assets.xcassets in Resources */,
				39D9C66620BEA4D200921DB4 /* CustomSensorCell.xib in Resources */,
				39A23FFF20AC52C700B943DB /* Main.storyboard in Resources */,
			);
			runOnlyForDeploymentPostprocessing = 0;
		};
/* End PBXResourcesBuildPhase section */

/* Begin PBXShellScriptBuildPhase section */
		20FAFE91993B174DAB0C83BC /* [CP] Check Pods Manifest.lock */ = {
			isa = PBXShellScriptBuildPhase;
			buildActionMask = 2147483647;
			files = (
			);
			inputPaths = (
				"${PODS_PODFILE_DIR_PATH}/Podfile.lock",
				"${PODS_ROOT}/Manifest.lock",
			);
			name = "[CP] Check Pods Manifest.lock";
			outputPaths = (
				"$(DERIVED_FILE_DIR)/Pods-smartCity-checkManifestLockResult.txt",
			);
			runOnlyForDeploymentPostprocessing = 0;
			shellPath = /bin/sh;
			shellScript = "diff \"${PODS_PODFILE_DIR_PATH}/Podfile.lock\" \"${PODS_ROOT}/Manifest.lock\" > /dev/null\nif [ $? != 0 ] ; then\n    # print error to STDERR\n    echo \"error: The sandbox is not in sync with the Podfile.lock. Run 'pod install' or update your CocoaPods installation.\" >&2\n    exit 1\nfi\n# This output is used by Xcode 'outputs' to avoid re-running this script phase.\necho \"SUCCESS\" > \"${SCRIPT_OUTPUT_FILE_0}\"\n";
			showEnvVarsInLog = 0;
		};
		6F644A6F84E7AB8A36D3F8AC /* [CP] Embed Pods Frameworks */ = {
			isa = PBXShellScriptBuildPhase;
			buildActionMask = 2147483647;
			files = (
			);
			inputPaths = (
				"${SRCROOT}/Pods/Target Support Files/Pods-smartCity/Pods-smartCity-frameworks.sh",
				"${BUILT_PRODUCTS_DIR}/Alamofire/Alamofire.framework",
				"${BUILT_PRODUCTS_DIR}/ChameleonFramework/ChameleonFramework.framework",
				"${BUILT_PRODUCTS_DIR}/GTMSessionFetcher/GTMSessionFetcher.framework",
				"${BUILT_PRODUCTS_DIR}/GoogleToolboxForMac/GoogleToolboxForMac.framework",
				"${BUILT_PRODUCTS_DIR}/Realm/Realm.framework",
				"${BUILT_PRODUCTS_DIR}/RealmSwift/RealmSwift.framework",
				"${BUILT_PRODUCTS_DIR}/RxAlamofire/RxAlamofire.framework",
				"${BUILT_PRODUCTS_DIR}/RxCocoa/RxCocoa.framework",
				"${BUILT_PRODUCTS_DIR}/RxSwift/RxSwift.framework",
				"${BUILT_PRODUCTS_DIR}/SVProgressHUD/SVProgressHUD.framework",
				"${BUILT_PRODUCTS_DIR}/SwiftyJSON/SwiftyJSON.framework",
				"${BUILT_PRODUCTS_DIR}/SwipeCellKit/SwipeCellKit.framework",
				"${BUILT_PRODUCTS_DIR}/leveldb-library/leveldb.framework",
				"${BUILT_PRODUCTS_DIR}/nanopb/nanopb.framework",
			);
			name = "[CP] Embed Pods Frameworks";
			outputPaths = (
				"${TARGET_BUILD_DIR}/${FRAMEWORKS_FOLDER_PATH}/Alamofire.framework",
				"${TARGET_BUILD_DIR}/${FRAMEWORKS_FOLDER_PATH}/ChameleonFramework.framework",
				"${TARGET_BUILD_DIR}/${FRAMEWORKS_FOLDER_PATH}/GTMSessionFetcher.framework",
				"${TARGET_BUILD_DIR}/${FRAMEWORKS_FOLDER_PATH}/GoogleToolboxForMac.framework",
				"${TARGET_BUILD_DIR}/${FRAMEWORKS_FOLDER_PATH}/Realm.framework",
				"${TARGET_BUILD_DIR}/${FRAMEWORKS_FOLDER_PATH}/RealmSwift.framework",
				"${TARGET_BUILD_DIR}/${FRAMEWORKS_FOLDER_PATH}/RxAlamofire.framework",
				"${TARGET_BUILD_DIR}/${FRAMEWORKS_FOLDER_PATH}/RxCocoa.framework",
				"${TARGET_BUILD_DIR}/${FRAMEWORKS_FOLDER_PATH}/RxSwift.framework",
				"${TARGET_BUILD_DIR}/${FRAMEWORKS_FOLDER_PATH}/SVProgressHUD.framework",
				"${TARGET_BUILD_DIR}/${FRAMEWORKS_FOLDER_PATH}/SwiftyJSON.framework",
				"${TARGET_BUILD_DIR}/${FRAMEWORKS_FOLDER_PATH}/SwipeCellKit.framework",
				"${TARGET_BUILD_DIR}/${FRAMEWORKS_FOLDER_PATH}/leveldb.framework",
				"${TARGET_BUILD_DIR}/${FRAMEWORKS_FOLDER_PATH}/nanopb.framework",
			);
			runOnlyForDeploymentPostprocessing = 0;
			shellPath = /bin/sh;
			shellScript = "\"${SRCROOT}/Pods/Target Support Files/Pods-smartCity/Pods-smartCity-frameworks.sh\"\n";
			showEnvVarsInLog = 0;
		};
/* End PBXShellScriptBuildPhase section */

/* Begin PBXSourcesBuildPhase section */
		39A23FF220AC52C700B943DB /* Sources */ = {
			isa = PBXSourcesBuildPhase;
			buildActionMask = 2147483647;
			files = (
				39A23FFC20AC52C700B943DB /* ViewController.swift in Sources */,
				39A2400D20AC531E00B943DB /* SensorDataModel.swift in Sources */,
				3961417620D01C0C00679841 /* AddSensorViewController.swift in Sources */,
				39A23FFA20AC52C700B943DB /* AppDelegate.swift in Sources */,
				397BFACD20FF48B7008466FE /* GenericModel.swift in Sources */,
				397BFAD120FF65DF008466FE /* DataTableViewCell.swift in Sources */,
				39D9C65B20BC630A00921DB4 /* RegisterViewController.swift in Sources */,
				39D9C65F20BD8CBD00921DB4 /* SensorDataViewController.swift in Sources */,
				39D9C66520BEA4D200921DB4 /* CustomSensorCell.swift in Sources */,
				397BFACB20FF2D1A008466FE /* Data.swift in Sources */,
				39E7100D21393DC100AD3FDD /* PassiveDataTableViewController.swift in Sources */,
				39D9C65920BC62C900921DB4 /* LoginViewController.swift in Sources */,
				39D9C65D20BD55B800921DB4 /* SensorListTableViewController.swift in Sources */,
				39D9C65520BC53DB00921DB4 /* RoundedButton.swift in Sources */,
				397BFAC520F8BD78008466FE /* PassivSensorTableViewController.swift in Sources */,
			);
			runOnlyForDeploymentPostprocessing = 0;
		};
/* End PBXSourcesBuildPhase section */

/* Begin PBXVariantGroup section */
		39A23FFD20AC52C700B943DB /* Main.storyboard */ = {
			isa = PBXVariantGroup;
			children = (
				39A23FFE20AC52C700B943DB /* Base */,
			);
			name = Main.storyboard;
			sourceTree = "<group>";
		};
/* End PBXVariantGroup section */

/* Begin XCBuildConfiguration section */
		39A2400620AC52C800B943DB /* Debug */ = {
			isa = XCBuildConfiguration;
			buildSettings = {
				ALWAYS_SEARCH_USER_PATHS = NO;
				CLANG_ANALYZER_NONNULL = YES;
				CLANG_ANALYZER_NUMBER_OBJECT_CONVERSION = YES_AGGRESSIVE;
				CLANG_CXX_LANGUAGE_STANDARD = "gnu++14";
				CLANG_CXX_LIBRARY = "libc++";
				CLANG_ENABLE_MODULES = YES;
				CLANG_ENABLE_OBJC_ARC = YES;
				CLANG_ENABLE_OBJC_WEAK = YES;
				CLANG_WARN_BLOCK_CAPTURE_AUTORELEASING = YES;
				CLANG_WARN_BOOL_CONVERSION = YES;
				CLANG_WARN_COMMA = YES;
				CLANG_WARN_CONSTANT_CONVERSION = YES;
				CLANG_WARN_DEPRECATED_OBJC_IMPLEMENTATIONS = YES;
				CLANG_WARN_DIRECT_OBJC_ISA_USAGE = YES_ERROR;
				CLANG_WARN_DOCUMENTATION_COMMENTS = YES;
				CLANG_WARN_EMPTY_BODY = YES;
				CLANG_WARN_ENUM_CONVERSION = YES;
				CLANG_WARN_INFINITE_RECURSION = YES;
				CLANG_WARN_INT_CONVERSION = YES;
				CLANG_WARN_NON_LITERAL_NULL_CONVERSION = YES;
				CLANG_WARN_OBJC_IMPLICIT_RETAIN_SELF = YES;
				CLANG_WARN_OBJC_LITERAL_CONVERSION = YES;
				CLANG_WARN_OBJC_ROOT_CLASS = YES_ERROR;
				CLANG_WARN_RANGE_LOOP_ANALYSIS = YES;
				CLANG_WARN_STRICT_PROTOTYPES = YES;
				CLANG_WARN_SUSPICIOUS_MOVE = YES;
				CLANG_WARN_UNGUARDED_AVAILABILITY = YES_AGGRESSIVE;
				CLANG_WARN_UNREACHABLE_CODE = YES;
				CLANG_WARN__DUPLICATE_METHOD_MATCH = YES;
				CODE_SIGN_IDENTITY = "iPhone Developer";
				COPY_PHASE_STRIP = NO;
				DEBUG_INFORMATION_FORMAT = dwarf;
				ENABLE_STRICT_OBJC_MSGSEND = YES;
				ENABLE_TESTABILITY = YES;
				GCC_C_LANGUAGE_STANDARD = gnu11;
				GCC_DYNAMIC_NO_PIC = NO;
				GCC_NO_COMMON_BLOCKS = YES;
				GCC_OPTIMIZATION_LEVEL = 0;
				GCC_PREPROCESSOR_DEFINITIONS = (
					"DEBUG=1",
					"$(inherited)",
				);
				GCC_WARN_64_TO_32_BIT_CONVERSION = YES;
				GCC_WARN_ABOUT_RETURN_TYPE = YES_ERROR;
				GCC_WARN_UNDECLARED_SELECTOR = YES;
				GCC_WARN_UNINITIALIZED_AUTOS = YES_AGGRESSIVE;
				GCC_WARN_UNUSED_FUNCTION = YES;
				GCC_WARN_UNUSED_VARIABLE = YES;
				IPHONEOS_DEPLOYMENT_TARGET = 11.3;
				MTL_ENABLE_DEBUG_INFO = YES;
				ONLY_ACTIVE_ARCH = YES;
				SDKROOT = iphoneos;
				SWIFT_ACTIVE_COMPILATION_CONDITIONS = DEBUG;
				SWIFT_OPTIMIZATION_LEVEL = "-Onone";
			};
			name = Debug;
		};
		39A2400720AC52C800B943DB /* Release */ = {
			isa = XCBuildConfiguration;
			buildSettings = {
				ALWAYS_SEARCH_USER_PATHS = NO;
				CLANG_ANALYZER_NONNULL = YES;
				CLANG_ANALYZER_NUMBER_OBJECT_CONVERSION = YES_AGGRESSIVE;
				CLANG_CXX_LANGUAGE_STANDARD = "gnu++14";
				CLANG_CXX_LIBRARY = "libc++";
				CLANG_ENABLE_MODULES = YES;
				CLANG_ENABLE_OBJC_ARC = YES;
				CLANG_ENABLE_OBJC_WEAK = YES;
				CLANG_WARN_BLOCK_CAPTURE_AUTORELEASING = YES;
				CLANG_WARN_BOOL_CONVERSION = YES;
				CLANG_WARN_COMMA = YES;
				CLANG_WARN_CONSTANT_CONVERSION = YES;
				CLANG_WARN_DEPRECATED_OBJC_IMPLEMENTATIONS = YES;
				CLANG_WARN_DIRECT_OBJC_ISA_USAGE = YES_ERROR;
				CLANG_WARN_DOCUMENTATION_COMMENTS = YES;
				CLANG_WARN_EMPTY_BODY = YES;
				CLANG_WARN_ENUM_CONVERSION = YES;
				CLANG_WARN_INFINITE_RECURSION = YES;
				CLANG_WARN_INT_CONVERSION = YES;
				CLANG_WARN_NON_LITERAL_NULL_CONVERSION = YES;
				CLANG_WARN_OBJC_IMPLICIT_RETAIN_SELF = YES;
				CLANG_WARN_OBJC_LITERAL_CONVERSION = YES;
				CLANG_WARN_OBJC_ROOT_CLASS = YES_ERROR;
				CLANG_WARN_RANGE_LOOP_ANALYSIS = YES;
				CLANG_WARN_STRICT_PROTOTYPES = YES;
				CLANG_WARN_SUSPICIOUS_MOVE = YES;
				CLANG_WARN_UNGUARDED_AVAILABILITY = YES_AGGRESSIVE;
				CLANG_WARN_UNREACHABLE_CODE = YES;
				CLANG_WARN__DUPLICATE_METHOD_MATCH = YES;
				CODE_SIGN_IDENTITY = "iPhone Developer";
				COPY_PHASE_STRIP = NO;
				DEBUG_INFORMATION_FORMAT = "dwarf-with-dsym";
				ENABLE_NS_ASSERTIONS = NO;
				ENABLE_STRICT_OBJC_MSGSEND = YES;
				GCC_C_LANGUAGE_STANDARD = gnu11;
				GCC_NO_COMMON_BLOCKS = YES;
				GCC_WARN_64_TO_32_BIT_CONVERSION = YES;
				GCC_WARN_ABOUT_RETURN_TYPE = YES_ERROR;
				GCC_WARN_UNDECLARED_SELECTOR = YES;
				GCC_WARN_UNINITIALIZED_AUTOS = YES_AGGRESSIVE;
				GCC_WARN_UNUSED_FUNCTION = YES;
				GCC_WARN_UNUSED_VARIABLE = YES;
				IPHONEOS_DEPLOYMENT_TARGET = 11.3;
				MTL_ENABLE_DEBUG_INFO = NO;
				SDKROOT = iphoneos;
				SWIFT_COMPILATION_MODE = wholemodule;
				SWIFT_OPTIMIZATION_LEVEL = "-O";
				VALIDATE_PRODUCT = YES;
			};
			name = Release;
		};
		39A2400920AC52C800B943DB /* Debug */ = {
			isa = XCBuildConfiguration;
			baseConfigurationReference = 94F89095714C8743D45B634A /* Pods-smartCity.debug.xcconfig */;
			buildSettings = {
				ASSETCATALOG_COMPILER_APPICON_NAME = AppIcon;
				CODE_SIGN_IDENTITY = "iPhone Developer";
				CODE_SIGN_STYLE = Automatic;
				DEVELOPMENT_TEAM = "";
				INFOPLIST_FILE = smartCity/Info.plist;
				LD_RUNPATH_SEARCH_PATHS = (
					"$(inherited)",
					"@executable_path/Frameworks",
				);
				PRODUCT_BUNDLE_IDENTIFIER = com.gigatronik.smartCity;
				PRODUCT_NAME = "$(TARGET_NAME)";
				PROVISIONING_PROFILE_SPECIFIER = "";
				SWIFT_VERSION = 4.0;
				TARGETED_DEVICE_FAMILY = "1,2";
			};
			name = Debug;
		};
		39A2400A20AC52C800B943DB /* Release */ = {
			isa = XCBuildConfiguration;
			baseConfigurationReference = 1AB655A9AF2BF88F6D077B17 /* Pods-smartCity.release.xcconfig */;
			buildSettings = {
				ASSETCATALOG_COMPILER_APPICON_NAME = AppIcon;
				CODE_SIGN_IDENTITY = "iPhone Developer";
				CODE_SIGN_STYLE = Automatic;
				DEVELOPMENT_TEAM = "";
				INFOPLIST_FILE = smartCity/Info.plist;
				LD_RUNPATH_SEARCH_PATHS = (
					"$(inherited)",
					"@executable_path/Frameworks",
				);
				PRODUCT_BUNDLE_IDENTIFIER = com.gigatronik.smartCity;
				PRODUCT_NAME = "$(TARGET_NAME)";
				PROVISIONING_PROFILE_SPECIFIER = "";
				SWIFT_VERSION = 4.0;
				TARGETED_DEVICE_FAMILY = "1,2";
			};
			name = Release;
		};
/* End XCBuildConfiguration section */

/* Begin XCConfigurationList section */
		39A23FF120AC52C700B943DB /* Build configuration list for PBXProject "smartCity" */ = {
			isa = XCConfigurationList;
			buildConfigurations = (
				39A2400620AC52C800B943DB /* Debug */,
				39A2400720AC52C800B943DB /* Release */,
			);
			defaultConfigurationIsVisible = 0;
			defaultConfigurationName = Release;
		};
		39A2400820AC52C800B943DB /* Build configuration list for PBXNativeTarget "smartCity" */ = {
			isa = XCConfigurationList;
			buildConfigurations = (
				39A2400920AC52C800B943DB /* Debug */,
				39A2400A20AC52C800B943DB /* Release */,
			);
			defaultConfigurationIsVisible = 0;
			defaultConfigurationName = Release;
		};
/* End XCConfigurationList section */
	};
	rootObject = 39A23FEE20AC52C700B943DB /* Project object */;
}
